
Microsoft Visual Studio Solution File, Format Version 12.00
# Visual Studio Version 17
VisualStudioVersion = 17.3.32825.248
MinimumVisualStudioVersion = 10.0.40219.1
Project("{FAE04EC0-301F-11D3-BF4B-00C04F79EFBC}") = "Sistema de inscripcion", "Sistema de inscripcion\Sistema de inscripcion.csproj", "{C7D1B395-CCB3-45F0-939A-D6CE357E1934}"
EndProject
Global
	GlobalSection(SolutionConfigurationPlatforms) = preSolution
		Debug|Any CPU = Debug|Any CPU
		Release|Any CPU = Release|Any CPU
	EndGlobalSection
	GlobalSection(ProjectConfigurationPlatforms) = postSolution
		{C7D1B395-CCB3-45F0-939A-D6CE357E1934}.Debug|Any CPU.ActiveCfg = Debug|Any CPU
		{C7D1B395-CCB3-45F0-939A-D6CE357E1934}.Debug|Any CPU.Build.0 = Debug|Any CPU
		{C7D1B395-CCB3-45F0-939A-D6CE357E1934}.Release|Any CPU.ActiveCfg = Release|Any CPU
		{C7D1B395-CCB3-45F0-939A-D6CE357E1934}.Release|Any CPU.Build.0 = Release|Any CPU
	EndGlobalSection
	GlobalSection(SolutionProperties) = preSolution
		HideSolutionNode = FALSE
	EndGlobalSection
	GlobalSection(ExtensibilityGlobals) = postSolution
		SolutionGuid = {A0CE6E5D-AA68-414F-8CA0-E48C22B6061A}
	EndGlobalSection
EndGlobal
